#MicroXplorer Configuration settings - do not modify
File.Version=6
KeepUserPlacement=false
Mcu.Family=STM32F4
Mcu.IP0=NVIC
Mcu.IP1=RCC
Mcu.IP2=SYS
Mcu.IP3=UART8
Mcu.IP4=USART3
Mcu.IPNb=5
Mcu.Name=STM32F413Z(G-H)Tx
Mcu.Package=LQFP144
Mcu.Pin0=PE2
Mcu.Pin1=PE3
Mcu.Pin10=PC0
Mcu.Pin11=PC1
Mcu.Pin12=PC2
Mcu.Pin13=PC3
Mcu.Pin14=PC4
Mcu.Pin15=PC5
Mcu.Pin16=PF11
Mcu.Pin17=PF12
Mcu.Pin18=PF13
Mcu.Pin19=PF14
Mcu.Pin2=PC14-OSC32_IN
Mcu.Pin20=PD8
Mcu.Pin21=PD9
Mcu.Pin22=PD12
Mcu.Pin23=PD13
Mcu.Pin24=PD14
Mcu.Pin25=PD15
Mcu.Pin26=PC6
Mcu.Pin27=PC9
Mcu.Pin28=PA13
Mcu.Pin29=PA14
Mcu.Pin3=PC15-OSC32_OUT
Mcu.Pin30=PA15
Mcu.Pin31=PC10
Mcu.Pin32=PC11
Mcu.Pin33=PC12
Mcu.Pin34=PD0
Mcu.Pin35=PD1
Mcu.Pin36=PD2
Mcu.Pin37=PD3
Mcu.Pin38=PD4
Mcu.Pin39=PD5
Mcu.Pin4=PF0
Mcu.Pin40=PB3
Mcu.Pin41=PB5
Mcu.Pin42=PB7
Mcu.Pin43=PB8
Mcu.Pin44=PB9
Mcu.Pin45=PE0
Mcu.Pin46=PE1
Mcu.Pin47=VP_SYS_VS_Systick
Mcu.Pin5=PF1
Mcu.Pin6=PF7
Mcu.Pin7=PF8
Mcu.Pin8=PF9
Mcu.Pin9=PF10
Mcu.PinsNb=48
Mcu.ThirdPartyNb=0
Mcu.UserConstants=
Mcu.UserName=STM32F413ZHTx
MxCube.Version=5.3.0
MxDb.Version=DB.5.0.30
NVIC.BusFault_IRQn=true\:0\:0\:false\:false\:true\:false\:false
NVIC.DebugMonitor_IRQn=true\:0\:0\:false\:false\:true\:false\:false
NVIC.EXTI0_IRQn=true\:0\:0\:false\:false\:true\:true\:true
NVIC.EXTI15_10_IRQn=true\:0\:0\:false\:false\:true\:true\:true
NVIC.EXTI1_IRQn=true\:0\:0\:false\:false\:true\:true\:true
NVIC.EXTI2_IRQn=true\:0\:0\:false\:false\:true\:true\:true
NVIC.EXTI3_IRQn=true\:0\:0\:false\:false\:true\:true\:true
NVIC.EXTI4_IRQn=true\:0\:0\:false\:false\:true\:true\:true
NVIC.EXTI9_5_IRQn=true\:0\:0\:false\:false\:true\:true\:true
NVIC.HardFault_IRQn=true\:0\:0\:false\:false\:true\:false\:false
NVIC.MemoryManagement_IRQn=true\:0\:0\:false\:false\:true\:false\:false
NVIC.NonMaskableInt_IRQn=true\:0\:0\:false\:false\:true\:false\:false
NVIC.PendSV_IRQn=true\:0\:0\:false\:false\:true\:false\:false
NVIC.PriorityGroup=NVIC_PRIORITYGROUP_4
NVIC.SVCall_IRQn=true\:0\:0\:false\:false\:true\:false\:false
NVIC.SysTick_IRQn=true\:0\:0\:false\:false\:true\:false\:true
NVIC.UART8_IRQn=true\:0\:0\:false\:false\:true\:true\:true
NVIC.USART3_IRQn=true\:0\:0\:false\:false\:true\:true\:true
NVIC.UsageFault_IRQn=true\:0\:0\:false\:false\:true\:false\:false
PA13.Mode=Serial_Wire
PA13.Signal=SYS_JTMS-SWDIO
PA14.Mode=Serial_Wire
PA14.Signal=SYS_JTCK-SWCLK
PA15.GPIOParameters=GPIO_Label
PA15.GPIO_Label=d9
PA15.Locked=true
PA15.Signal=GPIO_Output
PB3.GPIOParameters=GPIO_Label
PB3.GPIO_Label=status_led
PB3.Locked=true
PB3.Signal=GPIO_Output
PB5.GPIOParameters=GPIO_Label
PB5.GPIO_Label=con4_3
PB5.Locked=true
PB5.Signal=GPIO_Output
PB7.GPIOParameters=GPIO_Label,GPIO_ModeDefaultEXTI
PB7.GPIO_Label=con4_5
PB7.GPIO_ModeDefaultEXTI=GPIO_MODE_IT_RISING_FALLING
PB7.Locked=true
PB7.Signal=GPXTI7
PB8.GPIOParameters=GPIO_Label,GPIO_ModeDefaultEXTI
PB8.GPIO_Label=con4_6
PB8.GPIO_ModeDefaultEXTI=GPIO_MODE_IT_RISING_FALLING
PB8.Locked=true
PB8.Signal=GPXTI8
PB9.GPIOParameters=GPIO_Label
PB9.GPIO_Label=test3
PB9.Locked=true
PB9.Signal=GPIO_Output
PC0.GPIOParameters=GPIO_PuPd,GPIO_Label,GPIO_ModeDefaultEXTI
PC0.GPIO_Label=con2_6
PC0.GPIO_ModeDefaultEXTI=GPIO_MODE_IT_RISING_FALLING
PC0.GPIO_PuPd=GPIO_PULLUP
PC0.Locked=true
PC0.Signal=GPXTI0
PC1.GPIOParameters=GPIO_PuPd,GPIO_Label,GPIO_ModeDefaultEXTI
PC1.GPIO_Label=con2_5
PC1.GPIO_ModeDefaultEXTI=GPIO_MODE_IT_RISING_FALLING
PC1.GPIO_PuPd=GPIO_PULLUP
PC1.Locked=true
PC1.Signal=GPXTI1
PC10.GPIOParameters=GPIO_Label
PC10.GPIO_Label=d8
PC10.Locked=true
PC10.Signal=GPIO_Output
PC11.GPIOParameters=GPIO_Label
PC11.GPIO_Label=board_type_4
PC11.Locked=true
PC11.Signal=GPIO_Input
PC12.GPIOParameters=GPIO_Label
PC12.GPIO_Label=board_type_3
PC12.Locked=true
PC12.Signal=GPIO_Input
PC14-OSC32_IN.Mode=LSE-External-Oscillator
PC14-OSC32_IN.Signal=RCC_OSC32_IN
PC15-OSC32_OUT.Mode=LSE-External-Oscillator
PC15-OSC32_OUT.Signal=RCC_OSC32_OUT
PC2.GPIOParameters=GPIO_PuPd,GPIO_Label,GPIO_ModeDefaultEXTI
PC2.GPIO_Label=con2_4
PC2.GPIO_ModeDefaultEXTI=GPIO_MODE_IT_RISING_FALLING
PC2.GPIO_PuPd=GPIO_PULLUP
PC2.Locked=true
PC2.Signal=GPXTI2
PC3.GPIOParameters=GPIO_PuPd,GPIO_Label,GPIO_ModeDefaultEXTI
PC3.GPIO_Label=con2_3
PC3.GPIO_ModeDefaultEXTI=GPIO_MODE_IT_RISING_FALLING
PC3.GPIO_PuPd=GPIO_PULLUP
PC3.Locked=true
PC3.Signal=GPXTI3
PC4.GPIOParameters=GPIO_PuPd,GPIO_Label,GPIO_ModeDefaultEXTI
PC4.GPIO_Label=con2_2
PC4.GPIO_ModeDefaultEXTI=GPIO_MODE_IT_RISING_FALLING
PC4.GPIO_PuPd=GPIO_PULLUP
PC4.Locked=true
PC4.Signal=GPXTI4
PC5.GPIOParameters=GPIO_PuPd,GPIO_Label,GPIO_ModeDefaultEXTI
PC5.GPIO_Label=con2_1
PC5.GPIO_ModeDefaultEXTI=GPIO_MODE_IT_RISING_FALLING
PC5.GPIO_PuPd=GPIO_PULLUP
PC5.Locked=true
PC5.Signal=GPXTI5
PC6.GPIOParameters=GPIO_Label,GPIO_ModeDefaultEXTI
PC6.GPIO_Label=con4_9
PC6.GPIO_ModeDefaultEXTI=GPIO_MODE_IT_RISING_FALLING
PC6.Locked=true
PC6.Signal=GPXTI6
PC9.GPIOParameters=GPIO_Label,GPIO_ModeDefaultEXTI
PC9.GPIO_Label=con4_8
PC9.GPIO_ModeDefaultEXTI=GPIO_MODE_IT_RISING_FALLING
PC9.Locked=true
PC9.Signal=GPXTI9
PCC.Checker=false
PCC.Line=STM32F413/423
PCC.MCU=STM32F413Z(G-H)Tx
PCC.PartNumber=STM32F413ZHTx
PCC.Seq0=0
PCC.Series=STM32F4
PCC.Temperature=25
PCC.Vdd=null
PD0.GPIOParameters=GPIO_Label
PD0.GPIO_Label=board_type_2
PD0.Locked=true
PD0.Signal=GPIO_Input
PD1.GPIOParameters=GPIO_Label
PD1.GPIO_Label=board_type_1
PD1.Locked=true
PD1.Signal=GPIO_Input
PD12.GPIOParameters=GPIO_PuPd,GPIO_Label,GPIO_ModeDefaultEXTI
PD12.GPIO_Label=con2_7
PD12.GPIO_ModeDefaultEXTI=GPIO_MODE_IT_RISING_FALLING
PD12.GPIO_PuPd=GPIO_PULLUP
PD12.Locked=true
PD12.Signal=GPXTI12
PD13.GPIOParameters=GPIO_PuPd,GPIO_Label,GPIO_ModeDefaultEXTI
PD13.GPIO_Label=con2_8
PD13.GPIO_ModeDefaultEXTI=GPIO_MODE_IT_RISING_FALLING
PD13.GPIO_PuPd=GPIO_PULLUP
PD13.Locked=true
PD13.Signal=GPXTI13
PD14.GPIOParameters=GPIO_PuPd,GPIO_Label,GPIO_ModeDefaultEXTI
PD14.GPIO_Label=con2_9
PD14.GPIO_ModeDefaultEXTI=GPIO_MODE_IT_RISING_FALLING
PD14.GPIO_PuPd=GPIO_PULLUP
PD14.Locked=true
PD14.Signal=GPXTI14
PD15.GPIOParameters=GPIO_PuPd,GPIO_Label,GPIO_ModeDefaultEXTI
PD15.GPIO_Label=con2_10
PD15.GPIO_ModeDefaultEXTI=GPIO_MODE_IT_RISING_FALLING
PD15.GPIO_PuPd=GPIO_PULLUP
PD15.Locked=true
PD15.Signal=GPXTI15
PD2.GPIOParameters=GPIO_Label
PD2.GPIO_Label=board_num_4
PD2.Locked=true
PD2.Signal=GPIO_Input
PD3.GPIOParameters=GPIO_Label
PD3.GPIO_Label=board_num_3
PD3.Locked=true
PD3.Signal=GPIO_Input
PD4.GPIOParameters=GPIO_Label
PD4.GPIO_Label=board_num_2
PD4.Locked=true
PD4.Signal=GPIO_Input
PD5.GPIOParameters=GPIO_Label
PD5.GPIO_Label=board_num_1
PD5.Locked=true
PD5.Signal=GPIO_Input
PD8.GPIOParameters=GPIO_Label
PD8.GPIO_Label=uart_tx
PD8.Locked=true
PD8.Mode=Asynchronous
PD8.Signal=USART3_TX
PD9.GPIOParameters=GPIO_Label
PD9.GPIO_Label=uat_rx
PD9.Locked=true
PD9.Mode=Asynchronous
PD9.Signal=USART3_RX
PE0.GPIOParameters=GPIO_Label
PE0.GPIO_Label=test2
PE0.Locked=true
PE0.Signal=GPIO_Output
PE1.GPIOParameters=GPIO_Label
PE1.GPIO_Label=test1
PE1.Locked=true
PE1.Signal=GPIO_Output
PE2.GPIOParameters=GPIO_Label
PE2.GPIO_Label=d6
PE2.Locked=true
PE2.Signal=GPIO_Output
PE3.GPIOParameters=GPIO_Label
PE3.GPIO_Label=d7
PE3.Locked=true
PE3.Signal=GPIO_Output
PF0.GPIOParameters=GPIO_Label
PF0.GPIO_Label=con4_1
PF0.Locked=true
PF0.Signal=GPIO_Output
PF1.GPIOParameters=GPIO_Label
PF1.GPIO_Label=con4_2
PF1.Locked=true
PF1.Signal=GPIO_Output
PF10.GPIOParameters=GPIO_Label,GPIO_ModeDefaultEXTI
PF10.GPIO_Label=con3_1
PF10.GPIO_ModeDefaultEXTI=GPIO_MODE_IT_RISING_FALLING
PF10.Locked=true
PF10.Signal=GPXTI10
PF11.GPIOParameters=GPIO_Label
PF11.GPIO_Label=d2
PF11.Locked=true
PF11.Signal=GPIO_Output
PF12.GPIOParameters=GPIO_Label
PF12.GPIO_Label=d3
PF12.Locked=true
PF12.Signal=GPIO_Output
PF13.GPIOParameters=GPIO_Label
PF13.GPIO_Label=d4
PF13.Locked=true
PF13.Signal=GPIO_Output
PF14.GPIOParameters=GPIO_Label
PF14.GPIO_Label=d5
PF14.Locked=true
PF14.Signal=GPIO_Output
PF7.GPIOParameters=GPIO_Label
PF7.GPIO_Label=con3_2
PF7.Locked=true
PF7.Signal=GPIO_Output
PF8.Locked=true
PF8.Mode=Asynchronous
PF8.Signal=UART8_RX
PF9.Locked=true
PF9.Mode=Asynchronous
PF9.Signal=UART8_TX
PinOutPanel.RotationAngle=0
ProjectManager.AskForMigrate=true
ProjectManager.BackupPrevious=false
ProjectManager.CompilerOptimize=6
ProjectManager.ComputerToolchain=false
ProjectManager.CoupleFile=false
ProjectManager.CustomerFirmwarePackage=
ProjectManager.DefaultFWLocation=true
ProjectManager.DeletePrevious=true
ProjectManager.DeviceId=STM32F413ZHTx
ProjectManager.FirmwarePackage=STM32Cube FW_F4 V1.24.1
ProjectManager.FreePins=false
ProjectManager.HalAssertFull=false
ProjectManager.HeapSize=0x200
ProjectManager.KeepUserCode=true
ProjectManager.LastFirmware=true
ProjectManager.LibraryCopy=1
ProjectManager.MainLocation=Src
ProjectManager.NoMain=false
ProjectManager.PreviousToolchain=
ProjectManager.ProjectBuild=false
ProjectManager.ProjectFileName=buttons_switches_slave.ioc
ProjectManager.ProjectName=buttons_switches_slave
ProjectManager.StackSize=0x400
ProjectManager.TargetToolchain=STM32CubeIDE
ProjectManager.ToolChainLocation=
ProjectManager.UnderRoot=true
ProjectManager.functionlistsort=1-MX_GPIO_Init-GPIO-false-HAL-true,2-SystemClock_Config-RCC-false-HAL-false,3-MX_USART3_UART_Init-USART3-false-HAL-true,4-MX_UART8_Init-UART8-false-HAL-true
RCC.CortexFreq_Value=16000000
RCC.DFSDM2Freq_Value=16000000
RCC.DFSDMFreq_Value=16000000
RCC.FamilyName=M
RCC.IPParameters=CortexFreq_Value,DFSDM2Freq_Value,DFSDMFreq_Value,FamilyName,LPTimerFreq_Value,PLLCLKFreq_Value,PLLI2SRCLKFreq_Value,PLLQCLKFreq_Value,PLLRCLKFreq_Value,RNGFreq_Value,SAI1AFreq_Value,SAI1BFreq_Value,SDIOFreq_Value,USBFreq_Value,VCOI2SInputFreq_Value,VCOI2SOutputFreq_Value,VCOInputFreq_Value,VCOOutputFreq_Value
RCC.LPTimerFreq_Value=16000000
RCC.PLLCLKFreq_Value=96000000
RCC.PLLI2SRCLKFreq_Value=96000000
RCC.PLLQCLKFreq_Value=96000000
RCC.PLLRCLKFreq_Value=96000000
RCC.RNGFreq_Value=96000000
RCC.SAI1AFreq_Value=16000000
RCC.SAI1BFreq_Value=16000000
RCC.SDIOFreq_Value=96000000
RCC.USBFreq_Value=96000000
RCC.VCOI2SInputFreq_Value=1000000
RCC.VCOI2SOutputFreq_Value=192000000
RCC.VCOInputFreq_Value=1000000
RCC.VCOOutputFreq_Value=192000000
SH.GPXTI0.0=GPIO_EXTI0
SH.GPXTI0.ConfNb=1
SH.GPXTI1.0=GPIO_EXTI1
SH.GPXTI1.ConfNb=1
SH.GPXTI10.0=GPIO_EXTI10
SH.GPXTI10.ConfNb=1
SH.GPXTI12.0=GPIO_EXTI12
SH.GPXTI12.ConfNb=1
SH.GPXTI13.0=GPIO_EXTI13
SH.GPXTI13.ConfNb=1
SH.GPXTI14.0=GPIO_EXTI14
SH.GPXTI14.ConfNb=1
SH.GPXTI15.0=GPIO_EXTI15
SH.GPXTI15.ConfNb=1
SH.GPXTI2.0=GPIO_EXTI2
SH.GPXTI2.ConfNb=1
SH.GPXTI3.0=GPIO_EXTI3
SH.GPXTI3.ConfNb=1
SH.GPXTI4.0=GPIO_EXTI4
SH.GPXTI4.ConfNb=1
SH.GPXTI5.0=GPIO_EXTI5
SH.GPXTI5.ConfNb=1
SH.GPXTI6.0=GPIO_EXTI6
SH.GPXTI6.ConfNb=1
SH.GPXTI7.0=GPIO_EXTI7
SH.GPXTI7.ConfNb=1
SH.GPXTI8.0=GPIO_EXTI8
SH.GPXTI8.ConfNb=1
SH.GPXTI9.0=GPIO_EXTI9
SH.GPXTI9.ConfNb=1
UART8.BaudRate=9600
UART8.IPParameters=VirtualMode,BaudRate
UART8.VirtualMode=Asynchronous
USART3.IPParameters=VirtualMode
USART3.VirtualMode=VM_ASYNC
VP_SYS_VS_Systick.Mode=SysTick
VP_SYS_VS_Systick.Signal=SYS_VS_Systick
board=custom
isbadioc=false
